
Microsoft Visual Studio Solution File, Format Version 12.00
# Visual Studio Version 17
VisualStudioVersion = 17.0.31903.59
MinimumVisualStudioVersion = 10.0.40219.1
Project("{2150E333-8FDC-42A3-9474-1A3956D46DE8}") = "src", "src", "{31AB2E68-8415-46C4-B5E2-2BF34D28C019}"
EndProject
Project("{2150E333-8FDC-42A3-9474-1A3956D46DE8}") = "TravelBooks", "TravelBooks", "{77711003-75F9-4457-B9AC-8D3EF098218B}"
EndProject
Project("{FAE04EC0-301F-11D3-BF4B-00C04F79EFBC}") = "TravelBooks.Api", "src\TravelBooks\TravelBooks.Api\TravelBooks.Api.csproj", "{232DD7A7-44F7-44D7-9F13-18F421F470D9}"
EndProject
Project("{FAE04EC0-301F-11D3-BF4B-00C04F79EFBC}") = "TravelBooks.Core", "src\TravelBooks\TravelBooks.Core\TravelBooks.Core.csproj", "{16C72BBD-797D-4192-B4BE-1D3FD60D8E1D}"
EndProject
Project("{FAE04EC0-301F-11D3-BF4B-00C04F79EFBC}") = "TravelBooks.Identity", "src\TravelBooks.Identity\TravelBooks.Identity.csproj", "{D0E8EEB3-A495-4F2F-A793-B567B45A44B3}"
EndProject
Project("{FAE04EC0-301F-11D3-BF4B-00C04F79EFBC}") = "TravelBooks.Tests", "src\TravelBooks.Tests\TravelBooks.Tests.csproj", "{38967301-5551-4379-979F-6AAFFDECFE16}"
EndProject
Project("{FAE04EC0-301F-11D3-BF4B-00C04F79EFBC}") = "TravelBooks.Infraestructure", "src\TravelBooks.Infraestructure\TravelBooks.Infraestructure.csproj", "{C9AE969E-5C27-4860-BEBA-F0B3E8FB2B19}"
EndProject
Project("{FAE04EC0-301F-11D3-BF4B-00C04F79EFBC}") = "TravelBooks.Commons", "src\TravelBooks.Commons\TravelBooks.Commons.csproj", "{B059E9F1-7791-42B0-87C6-3F937C23245B}"
EndProject
Global
	GlobalSection(SolutionConfigurationPlatforms) = preSolution
		Debug|Any CPU = Debug|Any CPU
		Release|Any CPU = Release|Any CPU
	EndGlobalSection
	GlobalSection(SolutionProperties) = preSolution
		HideSolutionNode = FALSE
	EndGlobalSection
	GlobalSection(ProjectConfigurationPlatforms) = postSolution
		{232DD7A7-44F7-44D7-9F13-18F421F470D9}.Debug|Any CPU.ActiveCfg = Debug|Any CPU
		{232DD7A7-44F7-44D7-9F13-18F421F470D9}.Debug|Any CPU.Build.0 = Debug|Any CPU
		{232DD7A7-44F7-44D7-9F13-18F421F470D9}.Release|Any CPU.ActiveCfg = Release|Any CPU
		{232DD7A7-44F7-44D7-9F13-18F421F470D9}.Release|Any CPU.Build.0 = Release|Any CPU
		{16C72BBD-797D-4192-B4BE-1D3FD60D8E1D}.Debug|Any CPU.ActiveCfg = Debug|Any CPU
		{16C72BBD-797D-4192-B4BE-1D3FD60D8E1D}.Debug|Any CPU.Build.0 = Debug|Any CPU
		{16C72BBD-797D-4192-B4BE-1D3FD60D8E1D}.Release|Any CPU.ActiveCfg = Release|Any CPU
		{16C72BBD-797D-4192-B4BE-1D3FD60D8E1D}.Release|Any CPU.Build.0 = Release|Any CPU
		{D0E8EEB3-A495-4F2F-A793-B567B45A44B3}.Debug|Any CPU.ActiveCfg = Debug|Any CPU
		{D0E8EEB3-A495-4F2F-A793-B567B45A44B3}.Debug|Any CPU.Build.0 = Debug|Any CPU
		{D0E8EEB3-A495-4F2F-A793-B567B45A44B3}.Release|Any CPU.ActiveCfg = Release|Any CPU
		{D0E8EEB3-A495-4F2F-A793-B567B45A44B3}.Release|Any CPU.Build.0 = Release|Any CPU
		{38967301-5551-4379-979F-6AAFFDECFE16}.Debug|Any CPU.ActiveCfg = Debug|Any CPU
		{38967301-5551-4379-979F-6AAFFDECFE16}.Debug|Any CPU.Build.0 = Debug|Any CPU
		{38967301-5551-4379-979F-6AAFFDECFE16}.Release|Any CPU.ActiveCfg = Release|Any CPU
		{38967301-5551-4379-979F-6AAFFDECFE16}.Release|Any CPU.Build.0 = Release|Any CPU
		{C9AE969E-5C27-4860-BEBA-F0B3E8FB2B19}.Debug|Any CPU.ActiveCfg = Debug|Any CPU
		{C9AE969E-5C27-4860-BEBA-F0B3E8FB2B19}.Debug|Any CPU.Build.0 = Debug|Any CPU
		{C9AE969E-5C27-4860-BEBA-F0B3E8FB2B19}.Release|Any CPU.ActiveCfg = Release|Any CPU
		{C9AE969E-5C27-4860-BEBA-F0B3E8FB2B19}.Release|Any CPU.Build.0 = Release|Any CPU
		{B059E9F1-7791-42B0-87C6-3F937C23245B}.Debug|Any CPU.ActiveCfg = Debug|Any CPU
		{B059E9F1-7791-42B0-87C6-3F937C23245B}.Debug|Any CPU.Build.0 = Debug|Any CPU
		{B059E9F1-7791-42B0-87C6-3F937C23245B}.Release|Any CPU.ActiveCfg = Release|Any CPU
		{B059E9F1-7791-42B0-87C6-3F937C23245B}.Release|Any CPU.Build.0 = Release|Any CPU
	EndGlobalSection
	GlobalSection(NestedProjects) = preSolution
		{77711003-75F9-4457-B9AC-8D3EF098218B} = {31AB2E68-8415-46C4-B5E2-2BF34D28C019}
		{232DD7A7-44F7-44D7-9F13-18F421F470D9} = {77711003-75F9-4457-B9AC-8D3EF098218B}
		{16C72BBD-797D-4192-B4BE-1D3FD60D8E1D} = {77711003-75F9-4457-B9AC-8D3EF098218B}
		{D0E8EEB3-A495-4F2F-A793-B567B45A44B3} = {31AB2E68-8415-46C4-B5E2-2BF34D28C019}
		{38967301-5551-4379-979F-6AAFFDECFE16} = {31AB2E68-8415-46C4-B5E2-2BF34D28C019}
		{C9AE969E-5C27-4860-BEBA-F0B3E8FB2B19} = {31AB2E68-8415-46C4-B5E2-2BF34D28C019}
		{B059E9F1-7791-42B0-87C6-3F937C23245B} = {31AB2E68-8415-46C4-B5E2-2BF34D28C019}
	EndGlobalSection
EndGlobal
